PODS:
  - AFNetworking/NSURLSession (3.2.1):
    - AFNetworking/Reachability
    - AFNetworking/Security
    - AFNetworking/Serialization
  - AFNetworking/Reachability (3.2.1)
  - AFNetworking/Security (3.2.1)
  - AFNetworking/Serialization (3.2.1)
  - QMNetWorkRequest (0.1.0):
    - YTKNetwork (~> 2.1.4)
  - YTKNetwork (2.1.4):
    - AFNetworking/NSURLSession (~> 3.0)

DEPENDENCIES:
  - QMNetWorkRequest (from `../`)

SPEC REPOS:
  trunk:
    - AFNetworking
    - YTKNetwork

EXTERNAL SOURCES:
  QMNetWorkRequest:
    :path: "../"

SPEC CHECKSUMS:
  AFNetworking: b6f891fdfaed196b46c7a83cf209e09697b94057
  QMNetWorkRequest: eb51d372d062ec82ee9f0c52da3298e3d4a9d9c6
  YTKNetwork: 19be749c30f0512ada07180f4637b4b67bc8ddc2

PODFILE CHECKSUM: 0101bd6c3cbf8767fe09818bf9e997ba13de8a4b

COCOAPODS: 1.9.0.beta.2
